
Microsoft Visual Studio Solution File, Format Version 12.00
# Visual Studio Version 17
VisualStudioVersion = 17.0.31903.59
MinimumVisualStudioVersion = 10.0.40219.1
Project("{2150E333-8FDC-42A3-9474-1A3956D46DE8}") = "src", "src", "{B820CE37-028C-49C2-86D0-6D2A113CE215}"
EndProject
Project("{FAE04EC0-301F-11D3-BF4B-00C04F79EFBC}") = "XfaFlatten", "src\XfaFlatten\XfaFlatten.csproj", "{9AC99B75-344B-46B5-9483-B0307814BB3C}"
EndProject
Project("{2150E333-8FDC-42A3-9474-1A3956D46DE8}") = "tests", "tests", "{05660A6C-781E-4BFA-8700-CDBAA4794711}"
EndProject
Project("{FAE04EC0-301F-11D3-BF4B-00C04F79EFBC}") = "XfaFlatten.Tests", "tests\XfaFlatten.Tests\XfaFlatten.Tests.csproj", "{6E386A9E-AEE6-454F-82A7-7E15EC545846}"
EndProject
Global
	GlobalSection(SolutionConfigurationPlatforms) = preSolution
		Debug|Any CPU = Debug|Any CPU
		Release|Any CPU = Release|Any CPU
	EndGlobalSection
	GlobalSection(SolutionProperties) = preSolution
		HideSolutionNode = FALSE
	EndGlobalSection
	GlobalSection(ProjectConfigurationPlatforms) = postSolution
		{9AC99B75-344B-46B5-9483-B0307814BB3C}.Debug|Any CPU.ActiveCfg = Debug|Any CPU
		{9AC99B75-344B-46B5-9483-B0307814BB3C}.Debug|Any CPU.Build.0 = Debug|Any CPU
		{9AC99B75-344B-46B5-9483-B0307814BB3C}.Release|Any CPU.ActiveCfg = Release|Any CPU
		{9AC99B75-344B-46B5-9483-B0307814BB3C}.Release|Any CPU.Build.0 = Release|Any CPU
		{6E386A9E-AEE6-454F-82A7-7E15EC545846}.Debug|Any CPU.ActiveCfg = Debug|Any CPU
		{6E386A9E-AEE6-454F-82A7-7E15EC545846}.Debug|Any CPU.Build.0 = Debug|Any CPU
		{6E386A9E-AEE6-454F-82A7-7E15EC545846}.Release|Any CPU.ActiveCfg = Release|Any CPU
		{6E386A9E-AEE6-454F-82A7-7E15EC545846}.Release|Any CPU.Build.0 = Release|Any CPU
	EndGlobalSection
	GlobalSection(NestedProjects) = preSolution
		{9AC99B75-344B-46B5-9483-B0307814BB3C} = {B820CE37-028C-49C2-86D0-6D2A113CE215}
		{6E386A9E-AEE6-454F-82A7-7E15EC545846} = {05660A6C-781E-4BFA-8700-CDBAA4794711}
	EndGlobalSection
EndGlobal
